
Microsoft Visual Studio Solution File, Format Version 12.00
# Visual Studio Version 16
VisualStudioVersion = 16.0.29418.71
MinimumVisualStudioVersion = 10.0.40219.1
Project("{FAE04EC0-301F-11D3-BF4B-00C04F79EFBC}") = "QuickSortDuplication", "QuickSortDuplication\QuickSortDuplication.csproj", "{0BB9BD3B-D7C4-4FB7-BD36-4B29C88BFDDA}"
EndProject
Global
	GlobalSection(SolutionConfigurationPlatforms) = preSolution
		Debug|Any CPU = Debug|Any CPU
		Release|Any CPU = Release|Any CPU
	EndGlobalSection
	GlobalSection(ProjectConfigurationPlatforms) = postSolution
		{0BB9BD3B-D7C4-4FB7-BD36-4B29C88BFDDA}.Debug|Any CPU.ActiveCfg = Debug|Any CPU
		{0BB9BD3B-D7C4-4FB7-BD36-4B29C88BFDDA}.Debug|Any CPU.Build.0 = Debug|Any CPU
		{0BB9BD3B-D7C4-4FB7-BD36-4B29C88BFDDA}.Release|Any CPU.ActiveCfg = Release|Any CPU
		{0BB9BD3B-D7C4-4FB7-BD36-4B29C88BFDDA}.Release|Any CPU.Build.0 = Release|Any CPU
	EndGlobalSection
	GlobalSection(SolutionProperties) = preSolution
		HideSolutionNode = FALSE
	EndGlobalSection
	GlobalSection(ExtensibilityGlobals) = postSolution
		SolutionGuid = {7A7CD01E-39B4-484F-B65C-570F0256561F}
	EndGlobalSection
EndGlobal
