
Microsoft Visual Studio Solution File, Format Version 12.00
# Visual Studio Version 16
VisualStudioVersion = 16.0.29418.71
MinimumVisualStudioVersion = 10.0.40219.1
Project("{FAE04EC0-301F-11D3-BF4B-00C04F79EFBC}") = "YoungMatrixTest", "YoungMatrixTest\YoungMatrixTest.csproj", "{90C073EE-A8E1-4C23-82B1-531E938C9E86}"
EndProject
Project("{FAE04EC0-301F-11D3-BF4B-00C04F79EFBC}") = "YoungMatrixLibrary", "YoungMatrixLibrary\YoungMatrixLibrary.csproj", "{0063FF07-AF58-4FDF-9662-D74D167EA45F}"
EndProject
Global
	GlobalSection(SolutionConfigurationPlatforms) = preSolution
		Debug|Any CPU = Debug|Any CPU
		Release|Any CPU = Release|Any CPU
	EndGlobalSection
	GlobalSection(ProjectConfigurationPlatforms) = postSolution
		{90C073EE-A8E1-4C23-82B1-531E938C9E86}.Debug|Any CPU.ActiveCfg = Debug|Any CPU
		{90C073EE-A8E1-4C23-82B1-531E938C9E86}.Debug|Any CPU.Build.0 = Debug|Any CPU
		{90C073EE-A8E1-4C23-82B1-531E938C9E86}.Release|Any CPU.ActiveCfg = Release|Any CPU
		{90C073EE-A8E1-4C23-82B1-531E938C9E86}.Release|Any CPU.Build.0 = Release|Any CPU
		{0063FF07-AF58-4FDF-9662-D74D167EA45F}.Debug|Any CPU.ActiveCfg = Debug|Any CPU
		{0063FF07-AF58-4FDF-9662-D74D167EA45F}.Debug|Any CPU.Build.0 = Debug|Any CPU
		{0063FF07-AF58-4FDF-9662-D74D167EA45F}.Release|Any CPU.ActiveCfg = Release|Any CPU
		{0063FF07-AF58-4FDF-9662-D74D167EA45F}.Release|Any CPU.Build.0 = Release|Any CPU
	EndGlobalSection
	GlobalSection(SolutionProperties) = preSolution
		HideSolutionNode = FALSE
	EndGlobalSection
	GlobalSection(ExtensibilityGlobals) = postSolution
		SolutionGuid = {0D4A9E61-D33B-4B12-8C0F-47B9E129ACAA}
	EndGlobalSection
EndGlobal
