
Microsoft Visual Studio Solution File, Format Version 12.00
# Visual Studio Version 16
VisualStudioVersion = 16.0.29418.71
MinimumVisualStudioVersion = 10.0.40219.1
Project("{FAE04EC0-301F-11D3-BF4B-00C04F79EFBC}") = "MaxHeapify-NoRecursive", "MaxHeapify-NoRecursive\MaxHeapify-NoRecursive.csproj", "{DA1043BC-8A76-42D8-BFEE-F90BFF0A2B37}"
EndProject
Global
	GlobalSection(SolutionConfigurationPlatforms) = preSolution
		Debug|Any CPU = Debug|Any CPU
		Release|Any CPU = Release|Any CPU
	EndGlobalSection
	GlobalSection(ProjectConfigurationPlatforms) = postSolution
		{DA1043BC-8A76-42D8-BFEE-F90BFF0A2B37}.Debug|Any CPU.ActiveCfg = Debug|Any CPU
		{DA1043BC-8A76-42D8-BFEE-F90BFF0A2B37}.Debug|Any CPU.Build.0 = Debug|Any CPU
		{DA1043BC-8A76-42D8-BFEE-F90BFF0A2B37}.Release|Any CPU.ActiveCfg = Release|Any CPU
		{DA1043BC-8A76-42D8-BFEE-F90BFF0A2B37}.Release|Any CPU.Build.0 = Release|Any CPU
	EndGlobalSection
	GlobalSection(SolutionProperties) = preSolution
		HideSolutionNode = FALSE
	EndGlobalSection
	GlobalSection(ExtensibilityGlobals) = postSolution
		SolutionGuid = {A6A10750-71C5-440B-80BC-6C3AEBCDB288}
	EndGlobalSection
EndGlobal
